PODS:
  - Alamofire (5.4.2)
  - FBSDKCoreKit (9.2.0):
    - FBSDKCoreKit/Basics (= 9.2.0)
    - FBSDKCoreKit/Core (= 9.2.0)
  - FBSDKCoreKit/Basics (9.2.0)
  - FBSDKCoreKit/Core (9.2.0):
    - FBSDKCoreKit/Basics
  - FBSDKLoginKit (9.2.0):
    - FBSDKLoginKit/Login (= 9.2.0)
  - FBSDKLoginKit/Login (9.2.0):
    - FBSDKCoreKit (~> 9.2.0)
  - GoogleMaps (4.1.0):
    - GoogleMaps/Maps (= 4.1.0)
  - GoogleMaps/Base (4.1.0)
  - GoogleMaps/Maps (4.1.0):
    - GoogleMaps/Base
  - GooglePlaces (4.1.0):
    - GoogleMaps/Base (= 4.1.0)
  - ImageSlideshow/Core (1.9.2)
  - ImageSlideshow/SDWebImage (1.9.2):
    - ImageSlideshow/Core
    - SDWebImage (>= 3.7)
  - IQKeyboardManagerSwift (6.5.6)
  - RangeSeekSlider (1.8.0)
  - SDWebImage (5.11.0):
    - SDWebImage/Core (= 5.11.0)
  - SDWebImage/Core (5.11.0)
  - Socket.IO-Client-Swift (16.0.1):
    - Starscream (~> 4.0)
  - Starscream (4.0.4)
  - SVProgressHUD (2.2.5)

DEPENDENCIES:
  - Alamofire (~> 5.2)
  - FBSDKLoginKit
  - GoogleMaps (= 4.1.0)
  - GooglePlaces (= 4.1.0)
  - ImageSlideshow/SDWebImage
  - IQKeyboardManagerSwift
  - RangeSeekSlider
  - SDWebImage
  - Socket.IO-Client-Swift
  - SVProgressHUD

SPEC REPOS:
  trunk:
    - Alamofire
    - FBSDKCoreKit
    - FBSDKLoginKit
    - GoogleMaps
    - GooglePlaces
    - ImageSlideshow
    - IQKeyboardManagerSwift
    - RangeSeekSlider
    - SDWebImage
    - Socket.IO-Client-Swift
    - Starscream
    - SVProgressHUD

SPEC CHECKSUMS:
  Alamofire: bfbc4c2fe5909b1d94fb4ef2277c6b3727ef5dae
  FBSDKCoreKit: dace5abafc2fd9272733e6d027bcf18102712117
  FBSDKLoginKit: 43f377b451d391f5bc9dd774f51a391db1072029
  GoogleMaps: 008e2c80e38605b56b560e8deb73d4194ff30bef
  GooglePlaces: a058b776259c13e1323c9ff135549cb1b13ad8e7
  ImageSlideshow: be305b54eaf2b2cfc7a7141c7c734605d44dc07d
  IQKeyboardManagerSwift: c7df9d2deb356c04522f5c4b7b6e4ce4d8ed94fe
  RangeSeekSlider: 650b11fa1edcb92e1e0ede797669d98622570fb5
  SDWebImage: 7acbb57630ac7db4a495547fb73916ff3e432f6b
  Socket.IO-Client-Swift: c116d6dc9fd6be9c259bacfe143f8725bce7d79e
  Starscream: 5178aed56b316f13fa3bc55694e583d35dd414d9
  SVProgressHUD: 1428aafac632c1f86f62aa4243ec12008d7a51d6

PODFILE CHECKSUM: cf46990db401b81d9941473525cd7882f699fd68

COCOAPODS: 1.10.1
